
Microsoft Visual Studio Solution File, Format Version 12.00
# Visual Studio 2013
VisualStudioVersion = 12.0.31101.0
MinimumVisualStudioVersion = 10.0.40219.1
Project("{FAE04EC0-301F-11D3-BF4B-00C04F79EFBC}") = "Knapsack", "Knapsack\Knapsack.csproj", "{F2DB1A2C-0DFD-4D47-B338-91695F6D0928}"
EndProject
Project("{FAE04EC0-301F-11D3-BF4B-00C04F79EFBC}") = "Knapsack.Tests", "Knapsack.Tests\Knapsack.Tests.csproj", "{C7C1F9FA-E69E-488F-A821-284C7F157C23}"
EndProject
Global
	GlobalSection(SolutionConfigurationPlatforms) = preSolution
		Debug|Any CPU = Debug|Any CPU
		Release|Any CPU = Release|Any CPU
	EndGlobalSection
	GlobalSection(ProjectConfigurationPlatforms) = postSolution
		{F2DB1A2C-0DFD-4D47-B338-91695F6D0928}.Debug|Any CPU.ActiveCfg = Debug|Any CPU
		{F2DB1A2C-0DFD-4D47-B338-91695F6D0928}.Debug|Any CPU.Build.0 = Debug|Any CPU
		{F2DB1A2C-0DFD-4D47-B338-91695F6D0928}.Release|Any CPU.ActiveCfg = Release|Any CPU
		{F2DB1A2C-0DFD-4D47-B338-91695F6D0928}.Release|Any CPU.Build.0 = Release|Any CPU
		{C7C1F9FA-E69E-488F-A821-284C7F157C23}.Debug|Any CPU.ActiveCfg = Debug|Any CPU
		{C7C1F9FA-E69E-488F-A821-284C7F157C23}.Debug|Any CPU.Build.0 = Debug|Any CPU
		{C7C1F9FA-E69E-488F-A821-284C7F157C23}.Release|Any CPU.ActiveCfg = Release|Any CPU
		{C7C1F9FA-E69E-488F-A821-284C7F157C23}.Release|Any CPU.Build.0 = Release|Any CPU
	EndGlobalSection
	GlobalSection(SolutionProperties) = preSolution
		HideSolutionNode = FALSE
	EndGlobalSection
EndGlobal
